// !$*UTF8*$!
{
	archiveVersion = 1;
	classes = {
	};
	objectVersion = 56;
	objects = {

/* Begin PBXBuildFile section */
		D9A6618C28F958B900EBB626 /* AppDelegate.swift in Sources */ = {isa = PBXBuildFile; fileRef = D9A6618B28F958B900EBB626 /* AppDelegate.swift */; };
		D9A6618E28F958B900EBB626 /* SceneDelegate.swift in Sources */ = {isa = PBXBuildFile; fileRef = D9A6618D28F958B900EBB626 /* SceneDelegate.swift */; };
		D9A6619028F958B900EBB626 /* ViewController.swift in Sources */ = {isa = PBXBuildFile; fileRef = D9A6618F28F958B900EBB626 /* ViewController.swift */; };
		D9A6619328F958B900EBB626 /* Main.storyboard in Resources */ = {isa = PBXBuildFile; fileRef = D9A6619128F958B900EBB626 /* Main.storyboard */; };
		D9A6619528F958C500EBB626 /* Assets.xcassets in Resources */ = {isa = PBXBuildFile; fileRef = D9A6619428F958C500EBB626 /* Assets.xcassets */; };
		D9A6619828F958C500EBB626 /* LaunchScreen.storyboard in Resources */ = {isa = PBXBuildFile; fileRef = D9A6619628F958C500EBB626 /* LaunchScreen.storyboard */; };
		D9A661A328F958C500EBB626 /* Actor_POCTests.swift in Sources */ = {isa = PBXBuildFile; fileRef = D9A661A228F958C500EBB626 /* Actor_POCTests.swift */; };
		D9A661AD28F958C500EBB626 /* Actor_POCUITests.swift in Sources */ = {isa = PBXBuildFile; fileRef = D9A661AC28F958C500EBB626 /* Actor_POCUITests.swift */; };
		D9A661AF28F958C500EBB626 /* Actor_POCUITestsLaunchTests.swift in Sources */ = {isa = PBXBuildFile; fileRef = D9A661AE28F958C500EBB626 /* Actor_POCUITestsLaunchTests.swift */; };
/* End PBXBuildFile section */

/* Begin PBXContainerItemProxy section */
		D9A6619F28F958C500EBB626 /* PBXContainerItemProxy */ = {
			isa = PBXContainerItemProxy;
			containerPortal = D9A6618028F958B900EBB626 /* Project object */;
			proxyType = 1;
			remoteGlobalIDString = D9A6618728F958B900EBB626;
			remoteInfo = "Actor-POC";
		};
		D9A661A928F958C500EBB626 /* PBXContainerItemProxy */ = {
			isa = PBXContainerItemProxy;
			containerPortal = D9A6618028F958B900EBB626 /* Project object */;
			proxyType = 1;
			remoteGlobalIDString = D9A6618728F958B900EBB626;
			remoteInfo = "Actor-POC";
		};
/* End PBXContainerItemProxy section */

/* Begin PBXFileReference section */
		D9A6618828F958B900EBB626 /* Actor-POC.app */ = {isa = PBXFileReference; explicitFileType = wrapper.application; includeInIndex = 0; path = "Actor-POC.app"; sourceTree = BUILT_PRODUCTS_DIR; };
		D9A6618B28F958B900EBB626 /* AppDelegate.swift */ = {isa = PBXFileReference; lastKnownFileType = sourcecode.swift; path = AppDelegate.swift; sourceTree = "<group>"; };
		D9A6618D28F958B900EBB626 /* SceneDelegate.swift */ = {isa = PBXFileReference; lastKnownFileType = sourcecode.swift; path = SceneDelegate.swift; sourceTree = "<group>"; };
		D9A6618F28F958B900EBB626 /* ViewController.swift */ = {isa = PBXFileReference; lastKnownFileType = sourcecode.swift; path = ViewController.swift; sourceTree = "<group>"; };
		D9A6619228F958B900EBB626 /* Base */ = {isa = PBXFileReference; lastKnownFileType = file.storyboard; name = Base; path = Base.lproj/Main.storyboard; sourceTree = "<group>"; };
		D9A6619428F958C500EBB626 /* Assets.xcassets */ = {isa = PBXFileReference; lastKnownFileType = folder.assetcatalog; path = Assets.xcassets; sourceTree = "<group>"; };
		D9A6619728F958C500EBB626 /* Base */ = {isa = PBXFileReference; lastKnownFileType = file.storyboard; name = Base; path = Base.lproj/LaunchScreen.storyboard; sourceTree = "<group>"; };
		D9A6619928F958C500EBB626 /* Info.plist */ = {isa = PBXFileReference; lastKnownFileType = text.plist.xml; path = Info.plist; sourceTree = "<group>"; };
		D9A6619E28F958C500EBB626 /* Actor-POCTests.xctest */ = {isa = PBXFileReference; explicitFileType = wrapper.cfbundle; includeInIndex = 0; path = "Actor-POCTests.xctest"; sourceTree = BUILT_PRODUCTS_DIR; };
		D9A661A228F958C500EBB626 /* Actor_POCTests.swift */ = {isa = PBXFileReference; lastKnownFileType = sourcecode.swift; path = Actor_POCTests.swift; sourceTree = "<group>"; };
		D9A661A828F958C500EBB626 /* Actor-POCUITests.xctest */ = {isa = PBXFileReference; explicitFileType = wrapper.cfbundle; includeInIndex = 0; path = "Actor-POCUITests.xctest"; sourceTree = BUILT_PRODUCTS_DIR; };
		D9A661AC28F958C500EBB626 /* Actor_POCUITests.swift */ = {isa = PBXFileReference; lastKnownFileType = sourcecode.swift; path = Actor_POCUITests.swift; sourceTree = "<group>"; };
		D9A661AE28F958C500EBB626 /* Actor_POCUITestsLaunchTests.swift */ = {isa = PBXFileReference; lastKnownFileType = sourcecode.swift; path = Actor_POCUITestsLaunchTests.swift; sourceTree = "<group>"; };
/* End PBXFileReference section */

/* Begin PBXFrameworksBuildPhase section */
		D9A6618528F958B900EBB626 /* Frameworks */ = {
			isa = PBXFrameworksBuildPhase;
			buildActionMask = 2147483647;
			files = (
			);
			runOnlyForDeploymentPostprocessing = 0;
		};
		D9A6619B28F958C500EBB626 /* Frameworks */ = {
			isa = PBXFrameworksBuildPhase;
			buildActionMask = 2147483647;
			files = (
			);
			runOnlyForDeploymentPostprocessing = 0;
		};
		D9A661A528F958C500EBB626 /* Frameworks */ = {
			isa = PBXFrameworksBuildPhase;
			buildActionMask = 2147483647;
			files = (
			);
			runOnlyForDeploymentPostprocessing = 0;
		};
/* End PBXFrameworksBuildPhase section */

/* Begin PBXGroup section */
		D9A6617F28F958B900EBB626 = {
			isa = PBXGroup;
			children = (
				D9A6618A28F958B900EBB626 /* Actor-POC */,
				D9A661A128F958C500EBB626 /* Actor-POCTests */,
				D9A661AB28F958C500EBB626 /* Actor-POCUITests */,
				D9A6618928F958B900EBB626 /* Products */,
			);
			sourceTree = "<group>";
		};
		D9A6618928F958B900EBB626 /* Products */ = {
			isa = PBXGroup;
			children = (
				D9A6618828F958B900EBB626 /* Actor-POC.app */,
				D9A6619E28F958C500EBB626 /* Actor-POCTests.xctest */,
				D9A661A828F958C500EBB626 /* Actor-POCUITests.xctest */,
			);
			name = Products;
			sourceTree = "<group>";
		};
		D9A6618A28F958B900EBB626 /* Actor-POC */ = {
			isa = PBXGroup;
			children = (
				D9A6618B28F958B900EBB626 /* AppDelegate.swift */,
				D9A6618D28F958B900EBB626 /* SceneDelegate.swift */,
				D9A6618F28F958B900EBB626 /* ViewController.swift */,
				D9A6619128F958B900EBB626 /* Main.storyboard */,
				D9A6619428F958C500EBB626 /* Assets.xcassets */,
				D9A6619628F958C500EBB626 /* LaunchScreen.storyboard */,
				D9A6619928F958C500EBB626 /* Info.plist */,
			);
			path = "Actor-POC";
			sourceTree = "<group>";
		};
		D9A661A128F958C500EBB626 /* Actor-POCTests */ = {
			isa = PBXGroup;
			children = (
				D9A661A228F958C500EBB626 /* Actor_POCTests.swift */,
			);
			path = "Actor-POCTests";
			sourceTree = "<group>";
		};
		D9A661AB28F958C500EBB626 /* Actor-POCUITests */ = {
			isa = PBXGroup;
			children = (
				D9A661AC28F958C500EBB626 /* Actor_POCUITests.swift */,
				D9A661AE28F958C500EBB626 /* Actor_POCUITestsLaunchTests.swift */,
			);
			path = "Actor-POCUITests";
			sourceTree = "<group>";
		};
/* End PBXGroup section */

/* Begin PBXNativeTarget section */
		D9A6618728F958B900EBB626 /* Actor-POC */ = {
			isa = PBXNativeTarget;
			buildConfigurationList = D9A661B228F958C500EBB626 /* Build configuration list for PBXNativeTarget "Actor-POC" */;
			buildPhases = (
				D9A6618428F958B900EBB626 /* Sources */,
				D9A6618528F958B900EBB626 /* Frameworks */,
				D9A6618628F958B900EBB626 /* Resources */,
			);
			buildRules = (
			);
			dependencies = (
			);
			name = "Actor-POC";
			productName = "Actor-POC";
			productReference = D9A6618828F958B900EBB626 /* Actor-POC.app */;
			productType = "com.apple.product-type.application";
		};
		D9A6619D28F958C500EBB626 /* Actor-POCTests */ = {
			isa = PBXNativeTarget;
			buildConfigurationList = D9A661B528F958C500EBB626 /* Build configuration list for PBXNativeTarget "Actor-POCTests" */;
			buildPhases = (
				D9A6619A28F958C500EBB626 /* Sources */,
				D9A6619B28F958C500EBB626 /* Frameworks */,
				D9A6619C28F958C500EBB626 /* Resources */,
			);
			buildRules = (
			);
			dependencies = (
				D9A661A028F958C500EBB626 /* PBXTargetDependency */,
			);
			name = "Actor-POCTests";
			productName = "Actor-POCTests";
			productReference = D9A6619E28F958C500EBB626 /* Actor-POCTests.xctest */;
			productType = "com.apple.product-type.bundle.unit-test";
		};
		D9A661A728F958C500EBB626 /* Actor-POCUITests */ = {
			isa = PBXNativeTarget;
			buildConfigurationList = D9A661B828F958C500EBB626 /* Build configuration list for PBXNativeTarget "Actor-POCUITests" */;
			buildPhases = (
				D9A661A428F958C500EBB626 /* Sources */,
				D9A661A528F958C500EBB626 /* Frameworks */,
				D9A661A628F958C500EBB626 /* Resources */,
			);
			buildRules = (
			);
			dependencies = (
				D9A661AA28F958C500EBB626 /* PBXTargetDependency */,
			);
			name = "Actor-POCUITests";
			productName = "Actor-POCUITests";
			productReference = D9A661A828F958C500EBB626 /* Actor-POCUITests.xctest */;
			productType = "com.apple.product-type.bundle.ui-testing";
		};
/* End PBXNativeTarget section */

/* Begin PBXProject section */
		D9A6618028F958B900EBB626 /* Project object */ = {
			isa = PBXProject;
			attributes = {
				BuildIndependentTargetsInParallel = 1;
				LastSwiftUpdateCheck = 1400;
				LastUpgradeCheck = 1400;
				TargetAttributes = {
					D9A6618728F958B900EBB626 = {
						CreatedOnToolsVersion = 14.0;
					};
					D9A6619D28F958C500EBB626 = {
						CreatedOnToolsVersion = 14.0;
						TestTargetID = D9A6618728F958B900EBB626;
					};
					D9A661A728F958C500EBB626 = {
						CreatedOnToolsVersion = 14.0;
						TestTargetID = D9A6618728F958B900EBB626;
					};
				};
			};
			buildConfigurationList = D9A6618328F958B900EBB626 /* Build configuration list for PBXProject "Actor-POC" */;
			compatibilityVersion = "Xcode 14.0";
			developmentRegion = en;
			hasScannedForEncodings = 0;
			knownRegions = (
				en,
				Base,
			);
			mainGroup = D9A6617F28F958B900EBB626;
			productRefGroup = D9A6618928F958B900EBB626 /* Products */;
			projectDirPath = "";
			projectRoot = "";
			targets = (
				D9A6618728F958B900EBB626 /* Actor-POC */,
				D9A6619D28F958C500EBB626 /* Actor-POCTests */,
				D9A661A728F958C500EBB626 /* Actor-POCUITests */,
			);
		};
/* End PBXProject section */

/* Begin PBXResourcesBuildPhase section */
		D9A6618628F958B900EBB626 /* Resources */ = {
			isa = PBXResourcesBuildPhase;
			buildActionMask = 2147483647;
			files = (
				D9A6619828F958C500EBB626 /* LaunchScreen.storyboard in Resources */,
				D9A6619528F958C500EBB626 /* Assets.xcassets in Resources */,
				D9A6619328F958B900EBB626 /* Main.storyboard in Resources */,
			);
			runOnlyForDeploymentPostprocessing = 0;
		};
		D9A6619C28F958C500EBB626 /* Resources */ = {
			isa = PBXResourcesBuildPhase;
			buildActionMask = 2147483647;
			files = (
			);
			runOnlyForDeploymentPostprocessing = 0;
		};
		D9A661A628F958C500EBB626 /* Resources */ = {
			isa = PBXResourcesBuildPhase;
			buildActionMask = 2147483647;
			files = (
			);
			runOnlyForDeploymentPostprocessing = 0;
		};
/* End PBXResourcesBuildPhase section */

/* Begin PBXSourcesBuildPhase section */
		D9A6618428F958B900EBB626 /* Sources */ = {
			isa = PBXSourcesBuildPhase;
			buildActionMask = 2147483647;
			files = (
				D9A6619028F958B900EBB626 /* ViewController.swift in Sources */,
				D9A6618C28F958B900EBB626 /* AppDelegate.swift in Sources */,
				D9A6618E28F958B900EBB626 /* SceneDelegate.swift in Sources */,
			);
			runOnlyForDeploymentPostprocessing = 0;
		};
		D9A6619A28F958C500EBB626 /* Sources */ = {
			isa = PBXSourcesBuildPhase;
			buildActionMask = 2147483647;
			files = (
				D9A661A328F958C500EBB626 /* Actor_POCTests.swift in Sources */,
			);
			runOnlyForDeploymentPostprocessing = 0;
		};
		D9A661A428F958C500EBB626 /* Sources */ = {
			isa = PBXSourcesBuildPhase;
			buildActionMask = 2147483647;
			files = (
				D9A661AD28F958C500EBB626 /* Actor_POCUITests.swift in Sources */,
				D9A661AF28F958C500EBB626 /* Actor_POCUITestsLaunchTests.swift in Sources */,
			);
			runOnlyForDeploymentPostprocessing = 0;
		};
/* End PBXSourcesBuildPhase section */

/* Begin PBXTargetDependency section */
		D9A661A028F958C500EBB626 /* PBXTargetDependency */ = {
			isa = PBXTargetDependency;
			target = D9A6618728F958B900EBB626 /* Actor-POC */;
			targetProxy = D9A6619F28F958C500EBB626 /* PBXContainerItemProxy */;
		};
		D9A661AA28F958C500EBB626 /* PBXTargetDependency */ = {
			isa = PBXTargetDependency;
			target = D9A6618728F958B900EBB626 /* Actor-POC */;
			targetProxy = D9A661A928F958C500EBB626 /* PBXContainerItemProxy */;
		};
/* End PBXTargetDependency section */

/* Begin PBXVariantGroup section */
		D9A6619128F958B900EBB626 /* Main.storyboard */ = {
			isa = PBXVariantGroup;
			children = (
				D9A6619228F958B900EBB626 /* Base */,
			);
			name = Main.storyboard;
			sourceTree = "<group>";
		};
		D9A6619628F958C500EBB626 /* LaunchScreen.storyboard */ = {
			isa = PBXVariantGroup;
			children = (
				D9A6619728F958C500EBB626 /* Base */,
			);
			name = LaunchScreen.storyboard;
			sourceTree = "<group>";
		};
/* End PBXVariantGroup section */

/* Begin XCBuildConfiguration section */
		D9A661B028F958C500EBB626 /* Debug */ = {
			isa = XCBuildConfiguration;
			buildSettings = {
				ALWAYS_SEARCH_USER_PATHS = NO;
				CLANG_ANALYZER_NONNULL = YES;
				CLANG_ANALYZER_NUMBER_OBJECT_CONVERSION = YES_AGGRESSIVE;
				CLANG_CXX_LANGUAGE_STANDARD = "gnu++20";
				CLANG_ENABLE_MODULES = YES;
				CLANG_ENABLE_OBJC_ARC = YES;
				CLANG_ENABLE_OBJC_WEAK = YES;
				CLANG_WARN_BLOCK_CAPTURE_AUTORELEASING = YES;
				CLANG_WARN_BOOL_CONVERSION = YES;
				CLANG_WARN_COMMA = YES;
				CLANG_WARN_CONSTANT_CONVERSION = YES;
				CLANG_WARN_DEPRECATED_OBJC_IMPLEMENTATIONS = YES;
				CLANG_WARN_DIRECT_OBJC_ISA_USAGE = YES_ERROR;
				CLANG_WARN_DOCUMENTATION_COMMENTS = YES;
				CLANG_WARN_EMPTY_BODY = YES;
				CLANG_WARN_ENUM_CONVERSION = YES;
				CLANG_WARN_INFINITE_RECURSION = YES;
				CLANG_WARN_INT_CONVERSION = YES;
				CLANG_WARN_NON_LITERAL_NULL_CONVERSION = YES;
				CLANG_WARN_OBJC_IMPLICIT_RETAIN_SELF = YES;
				CLANG_WARN_OBJC_LITERAL_CONVERSION = YES;
				CLANG_WARN_OBJC_ROOT_CLASS = YES_ERROR;
				CLANG_WARN_QUOTED_INCLUDE_IN_FRAMEWORK_HEADER = YES;
				CLANG_WARN_RANGE_LOOP_ANALYSIS = YES;
				CLANG_WARN_STRICT_PROTOTYPES = YES;
				CLANG_WARN_SUSPICIOUS_MOVE = YES;
				CLANG_WARN_UNGUARDED_AVAILABILITY = YES_AGGRESSIVE;
				CLANG_WARN_UNREACHABLE_CODE = YES;
				CLANG_WARN__DUPLICATE_METHOD_MATCH = YES;
				COPY_PHASE_STRIP = NO;
				DEBUG_INFORMATION_FORMAT = dwarf;
				ENABLE_STRICT_OBJC_MSGSEND = YES;
				ENABLE_TESTABILITY = YES;
				GCC_C_LANGUAGE_STANDARD = gnu11;
				GCC_DYNAMIC_NO_PIC = NO;
				GCC_NO_COMMON_BLOCKS = YES;
				GCC_OPTIMIZATION_LEVEL = 0;
				GCC_PREPROCESSOR_DEFINITIONS = (
					"DEBUG=1",
					"$(inherited)",
				);
				GCC_WARN_64_TO_32_BIT_CONVERSION = YES;
				GCC_WARN_ABOUT_RETURN_TYPE = YES_ERROR;
				GCC_WARN_UNDECLARED_SELECTOR = YES;
				GCC_WARN_UNINITIALIZED_AUTOS = YES_AGGRESSIVE;
				GCC_WARN_UNUSED_FUNCTION = YES;
				GCC_WARN_UNUSED_VARIABLE = YES;
				IPHONEOS_DEPLOYMENT_TARGET = 16.0;
				MTL_ENABLE_DEBUG_INFO = INCLUDE_SOURCE;
				MTL_FAST_MATH = YES;
				ONLY_ACTIVE_ARCH = YES;
				SDKROOT = iphoneos;
				SWIFT_ACTIVE_COMPILATION_CONDITIONS = DEBUG;
				SWIFT_OPTIMIZATION_LEVEL = "-Onone";
			};
			name = Debug;
		};
		D9A661B128F958C500EBB626 /* Release */ = {
			isa = XCBuildConfiguration;
			buildSettings = {
				ALWAYS_SEARCH_USER_PATHS = NO;
				CLANG_ANALYZER_NONNULL = YES;
				CLANG_ANALYZER_NUMBER_OBJECT_CONVERSION = YES_AGGRESSIVE;
				CLANG_CXX_LANGUAGE_STANDARD = "gnu++20";
				CLANG_ENABLE_MODULES = YES;
				CLANG_ENABLE_OBJC_ARC = YES;
				CLANG_ENABLE_OBJC_WEAK = YES;
				CLANG_WARN_BLOCK_CAPTURE_AUTORELEASING = YES;
				CLANG_WARN_BOOL_CONVERSION = YES;
				CLANG_WARN_COMMA = YES;
				CLANG_WARN_CONSTANT_CONVERSION = YES;
				CLANG_WARN_DEPRECATED_OBJC_IMPLEMENTATIONS = YES;
				CLANG_WARN_DIRECT_OBJC_ISA_USAGE = YES_ERROR;
				CLANG_WARN_DOCUMENTATION_COMMENTS = YES;
				CLANG_WARN_EMPTY_BODY = YES;
				CLANG_WARN_ENUM_CONVERSION = YES;
				CLANG_WARN_INFINITE_RECURSION = YES;
				CLANG_WARN_INT_CONVERSION = YES;
				CLANG_WARN_NON_LITERAL_NULL_CONVERSION = YES;
				CLANG_WARN_OBJC_IMPLICIT_RETAIN_SELF = YES;
				CLANG_WARN_OBJC_LITERAL_CONVERSION = YES;
				CLANG_WARN_OBJC_ROOT_CLASS = YES_ERROR;
				CLANG_WARN_QUOTED_INCLUDE_IN_FRAMEWORK_HEADER = YES;
				CLANG_WARN_RANGE_LOOP_ANALYSIS = YES;
				CLANG_WARN_STRICT_PROTOTYPES = YES;
				CLANG_WARN_SUSPICIOUS_MOVE = YES;
				CLANG_WARN_UNGUARDED_AVAILABILITY = YES_AGGRESSIVE;
				CLANG_WARN_UNREACHABLE_CODE = YES;
				CLANG_WARN__DUPLICATE_METHOD_MATCH = YES;
				COPY_PHASE_STRIP = NO;
				DEBUG_INFORMATION_FORMAT = "dwarf-with-dsym";
				ENABLE_NS_ASSERTIONS = NO;
				ENABLE_STRICT_OBJC_MSGSEND = YES;
				GCC_C_LANGUAGE_STANDARD = gnu11;
				GCC_NO_COMMON_BLOCKS = YES;
				GCC_WARN_64_TO_32_BIT_CONVERSION = YES;
				GCC_WARN_ABOUT_RETURN_TYPE = YES_ERROR;
				GCC_WARN_UNDECLARED_SELECTOR = YES;
				GCC_WARN_UNINITIALIZED_AUTOS = YES_AGGRESSIVE;
				GCC_WARN_UNUSED_FUNCTION = YES;
				GCC_WARN_UNUSED_VARIABLE = YES;
				IPHONEOS_DEPLOYMENT_TARGET = 16.0;
				MTL_ENABLE_DEBUG_INFO = NO;
				MTL_FAST_MATH = YES;
				SDKROOT = iphoneos;
				SWIFT_COMPILATION_MODE = wholemodule;
				SWIFT_OPTIMIZATION_LEVEL = "-O";
				VALIDATE_PRODUCT = YES;
			};
			name = Release;
		};
		D9A661B328F958C500EBB626 /* Debug */ = {
			isa = XCBuildConfiguration;
			buildSettings = {
				ASSETCATALOG_COMPILER_APPICON_NAME = AppIcon;
				ASSETCATALOG_COMPILER_GLOBAL_ACCENT_COLOR_NAME = AccentColor;
				CODE_SIGN_STYLE = Automatic;
				CURRENT_PROJECT_VERSION = 1;
				GENERATE_INFOPLIST_FILE = YES;
				INFOPLIST_FILE = "Actor-POC/Info.plist";
				INFOPLIST_KEY_UIApplicationSupportsIndirectInputEvents = YES;
				INFOPLIST_KEY_UILaunchStoryboardName = LaunchScreen;
				INFOPLIST_KEY_UIMainStoryboardFile = Main;
				INFOPLIST_KEY_UISupportedInterfaceOrientations_iPad = "UIInterfaceOrientationPortrait UIInterfaceOrientationPortraitUpsideDown UIInterfaceOrientationLandscapeLeft UIInterfaceOrientationLandscapeRight";
				INFOPLIST_KEY_UISupportedInterfaceOrientations_iPhone = "UIInterfaceOrientationPortrait UIInterfaceOrientationLandscapeLeft UIInterfaceOrientationLandscapeRight";
				LD_RUNPATH_SEARCH_PATHS = (
					"$(inherited)",
					"@executable_path/Frameworks",
				);
				MARKETING_VERSION = 1.0;
				PRODUCT_BUNDLE_IDENTIFIER = "com.ashokrawat.CodeCoverage.Actor-POC";
				PRODUCT_NAME = "$(TARGET_NAME)";
				SWIFT_EMIT_LOC_STRINGS = YES;
				SWIFT_VERSION = 5.0;
				TARGETED_DEVICE_FAMILY = "1,2";
			};
			name = Debug;
		};
		D9A661B428F958C500EBB626 /* Release */ = {
			isa = XCBuildConfiguration;
			buildSettings = {
				ASSETCATALOG_COMPILER_APPICON_NAME = AppIcon;
				ASSETCATALOG_COMPILER_GLOBAL_ACCENT_COLOR_NAME = AccentColor;
				CODE_SIGN_STYLE = Automatic;
				CURRENT_PROJECT_VERSION = 1;
				GENERATE_INFOPLIST_FILE = YES;
				INFOPLIST_FILE = "Actor-POC/Info.plist";
				INFOPLIST_KEY_UIApplicationSupportsIndirectInputEvents = YES;
				INFOPLIST_KEY_UILaunchStoryboardName = LaunchScreen;
				INFOPLIST_KEY_UIMainStoryboardFile = Main;
				INFOPLIST_KEY_UISupportedInterfaceOrientations_iPad = "UIInterfaceOrientationPortrait UIInterfaceOrientationPortraitUpsideDown UIInterfaceOrientationLandscapeLeft UIInterfaceOrientationLandscapeRight";
				INFOPLIST_KEY_UISupportedInterfaceOrientations_iPhone = "UIInterfaceOrientationPortrait UIInterfaceOrientationLandscapeLeft UIInterfaceOrientationLandscapeRight";
				LD_RUNPATH_SEARCH_PATHS = (
					"$(inherited)",
					"@executable_path/Frameworks",
				);
				MARKETING_VERSION = 1.0;
				PRODUCT_BUNDLE_IDENTIFIER = "com.ashokrawat.CodeCoverage.Actor-POC";
				PRODUCT_NAME = "$(TARGET_NAME)";
				SWIFT_EMIT_LOC_STRINGS = YES;
				SWIFT_VERSION = 5.0;
				TARGETED_DEVICE_FAMILY = "1,2";
			};
			name = Release;
		};
		D9A661B628F958C500EBB626 /* Debug */ = {
			isa = XCBuildConfiguration;
			buildSettings = {
				ALWAYS_EMBED_SWIFT_STANDARD_LIBRARIES = YES;
				BUNDLE_LOADER = "$(TEST_HOST)";
				CODE_SIGN_STYLE = Automatic;
				CURRENT_PROJECT_VERSION = 1;
				GENERATE_INFOPLIST_FILE = YES;
				IPHONEOS_DEPLOYMENT_TARGET = 16.0;
				MARKETING_VERSION = 1.0;
				PRODUCT_BUNDLE_IDENTIFIER = "com.ashokrawat.CodeCoverage.Actor-POCTests";
				PRODUCT_NAME = "$(TARGET_NAME)";
				SWIFT_EMIT_LOC_STRINGS = NO;
				SWIFT_VERSION = 5.0;
				TARGETED_DEVICE_FAMILY = "1,2";
				TEST_HOST = "$(BUILT_PRODUCTS_DIR)/Actor-POC.app/$(BUNDLE_EXECUTABLE_FOLDER_PATH)/Actor-POC";
			};
			name = Debug;
		};
		D9A661B728F958C500EBB626 /* Release */ = {
			isa = XCBuildConfiguration;
			buildSettings = {
				ALWAYS_EMBED_SWIFT_STANDARD_LIBRARIES = YES;
				BUNDLE_LOADER = "$(TEST_HOST)";
				CODE_SIGN_STYLE = Automatic;
				CURRENT_PROJECT_VERSION = 1;
				GENERATE_INFOPLIST_FILE = YES;
				IPHONEOS_DEPLOYMENT_TARGET = 16.0;
				MARKETING_VERSION = 1.0;
				PRODUCT_BUNDLE_IDENTIFIER = "com.ashokrawat.CodeCoverage.Actor-POCTests";
				PRODUCT_NAME = "$(TARGET_NAME)";
				SWIFT_EMIT_LOC_STRINGS = NO;
				SWIFT_VERSION = 5.0;
				TARGETED_DEVICE_FAMILY = "1,2";
				TEST_HOST = "$(BUILT_PRODUCTS_DIR)/Actor-POC.app/$(BUNDLE_EXECUTABLE_FOLDER_PATH)/Actor-POC";
			};
			name = Release;
		};
		D9A661B928F958C500EBB626 /* Debug */ = {
			isa = XCBuildConfiguration;
			buildSettings = {
				ALWAYS_EMBED_SWIFT_STANDARD_LIBRARIES = YES;
				CODE_SIGN_STYLE = Automatic;
				CURRENT_PROJECT_VERSION = 1;
				GENERATE_INFOPLIST_FILE = YES;
				MARKETING_VERSION = 1.0;
				PRODUCT_BUNDLE_IDENTIFIER = "com.ashokrawat.CodeCoverage.Actor-POCUITests";
				PRODUCT_NAME = "$(TARGET_NAME)";
				SWIFT_EMIT_LOC_STRINGS = NO;
				SWIFT_VERSION = 5.0;
				TARGETED_DEVICE_FAMILY = "1,2";
				TEST_TARGET_NAME = "Actor-POC";
			};
			name = Debug;
		};
		D9A661BA28F958C500EBB626 /* Release */ = {
			isa = XCBuildConfiguration;
			buildSettings = {
				ALWAYS_EMBED_SWIFT_STANDARD_LIBRARIES = YES;
				CODE_SIGN_STYLE = Automatic;
				CURRENT_PROJECT_VERSION = 1;
				GENERATE_INFOPLIST_FILE = YES;
				MARKETING_VERSION = 1.0;
				PRODUCT_BUNDLE_IDENTIFIER = "com.ashokrawat.CodeCoverage.Actor-POCUITests";
				PRODUCT_NAME = "$(TARGET_NAME)";
				SWIFT_EMIT_LOC_STRINGS = NO;
				SWIFT_VERSION = 5.0;
				TARGETED_DEVICE_FAMILY = "1,2";
				TEST_TARGET_NAME = "Actor-POC";
			};
			name = Release;
		};
/* End XCBuildConfiguration section */

/* Begin XCConfigurationList section */
		D9A6618328F958B900EBB626 /* Build configuration list for PBXProject "Actor-POC" */ = {
			isa = XCConfigurationList;
			buildConfigurations = (
				D9A661B028F958C500EBB626 /* Debug */,
				D9A661B128F958C500EBB626 /* Release */,
			);
			defaultConfigurationIsVisible = 0;
			defaultConfigurationName = Release;
		};
		D9A661B228F958C500EBB626 /* Build configuration list for PBXNativeTarget "Actor-POC" */ = {
			isa = XCConfigurationList;
			buildConfigurations = (
				D9A661B328F958C500EBB626 /* Debug */,
				D9A661B428F958C500EBB626 /* Release */,
			);
			defaultConfigurationIsVisible = 0;
			defaultConfigurationName = Release;
		};
		D9A661B528F958C500EBB626 /* Build configuration list for PBXNativeTarget "Actor-POCTests" */ = {
			isa = XCConfigurationList;
			buildConfigurations = (
				D9A661B628F958C500EBB626 /* Debug */,
				D9A661B728F958C500EBB626 /* Release */,
			);
			defaultConfigurationIsVisible = 0;
			defaultConfigurationName = Release;
		};
		D9A661B828F958C500EBB626 /* Build configuration list for PBXNativeTarget "Actor-POCUITests" */ = {
			isa = XCConfigurationList;
			buildConfigurations = (
				D9A661B928F958C500EBB626 /* Debug */,
				D9A661BA28F958C500EBB626 /* Release */,
			);
			defaultConfigurationIsVisible = 0;
			defaultConfigurationName = Release;
		};
/* End XCConfigurationList section */
	};
	rootObject = D9A6618028F958B900EBB626 /* Project object */;
}
